
Microsoft Visual Studio Solution File, Format Version 12.00
# Visual Studio Version 16
VisualStudioVersion = 16.0.30503.244
MinimumVisualStudioVersion = 10.0.40219.1
Project("{FAE04EC0-301F-11D3-BF4B-00C04F79EFBC}") = "RUAP_LV4", "RUAP_LV4\RUAP_LV4.csproj", "{B3548DCC-75C5-4DEB-BA7D-A8098069C941}"
EndProject
Global
	GlobalSection(SolutionConfigurationPlatforms) = preSolution
		Debug|Any CPU = Debug|Any CPU
		Release|Any CPU = Release|Any CPU
	EndGlobalSection
	GlobalSection(ProjectConfigurationPlatforms) = postSolution
		{B3548DCC-75C5-4DEB-BA7D-A8098069C941}.Debug|Any CPU.ActiveCfg = Debug|Any CPU
		{B3548DCC-75C5-4DEB-BA7D-A8098069C941}.Debug|Any CPU.Build.0 = Debug|Any CPU
		{B3548DCC-75C5-4DEB-BA7D-A8098069C941}.Release|Any CPU.ActiveCfg = Release|Any CPU
		{B3548DCC-75C5-4DEB-BA7D-A8098069C941}.Release|Any CPU.Build.0 = Release|Any CPU
	EndGlobalSection
	GlobalSection(SolutionProperties) = preSolution
		HideSolutionNode = FALSE
	EndGlobalSection
	GlobalSection(ExtensibilityGlobals) = postSolution
		SolutionGuid = {F55809B1-A32D-451F-BF2B-A0E489932E6C}
	EndGlobalSection
EndGlobal
